{
  "version": "5",
  "specifiers": {
    "jsr:@panth977/functions@^2.3.1": "2.3.1",
    "jsr:@panth977/tools@^2.3.3": "2.3.3",
    "npm:zod-openapi@^4.2.4": "4.2.4_zod@3.25.76",
    "npm:zod@^3.25.76": "3.25.76"
  },
  "jsr": {
    "@panth977/functions@2.3.1": {
      "integrity": "2c47bd229b89b862ae9132e0104db7294cb19ff7cdade4077bb80236054998d9",
      "dependencies": [
        "npm:zod"
      ]
    },
    "@panth977/tools@2.3.3": {
      "integrity": "7200e30c28913a8446ad4cfb8e2c5b7013a963afc510fde19d72f32bfb59bf7b",
      "dependencies": [
        "npm:zod"
      ]
    }
  },
  "npm": {
    "zod-openapi@4.2.4_zod@3.25.76": {
      "integrity": "sha512-tsrQpbpqFCXqVXUzi3TPwFhuMtLN3oNZobOtYnK6/5VkXsNdnIgyNr4r8no4wmYluaxzN3F7iS+8xCW8BmMQ8g==",
      "dependencies": [
        "zod"
      ]
    },
    "zod@3.25.76": {
      "integrity": "sha512-gzUt/qt81nXsFGKIFcC3YnfEAx5NkunCfnDlvuBSSFS02bcXu4Lmea0AFIUwbLWxWPx3d9p8S5QoaujKcNQxcQ=="
    }
  },
  "workspace": {
    "dependencies": [
      "jsr:@panth977/functions@^2.3.1",
      "jsr:@panth977/tools@^2.3.3",
      "npm:zod-openapi@^4.2.4",
      "npm:zod@^3.25.76"
    ]
  }
}
