{
  "version": "5",
  "specifiers": {
    "jsr:@panth977/functions@^2.4.7": "2.4.7",
    "jsr:@panth977/tools@^2.4.3": "2.4.3",
    "npm:zod-openapi@^4.2.4": "4.2.4_zod@3.25.76",
    "npm:zod@^3.25.76": "3.25.76"
  },
  "jsr": {
    "@panth977/functions@2.4.7": {
      "integrity": "bc23eedb54dea56c0ab5d1ca8f52c9332dde35c69e06c9cc9636394c8106744e",
      "dependencies": [
        "jsr:@panth977/tools",
        "npm:zod"
      ]
    },
    "@panth977/tools@2.4.3": {
      "integrity": "9ff3a8a428a38baa0fe060535344c614e520042652ed74d4c7576a80ad378bb4",
      "dependencies": [
        "npm:zod"
      ]
    }
  },
  "npm": {
    "zod-openapi@4.2.4_zod@3.25.76": {
      "integrity": "sha512-tsrQpbpqFCXqVXUzi3TPwFhuMtLN3oNZobOtYnK6/5VkXsNdnIgyNr4r8no4wmYluaxzN3F7iS+8xCW8BmMQ8g==",
      "dependencies": [
        "zod"
      ]
    },
    "zod@3.25.76": {
      "integrity": "sha512-gzUt/qt81nXsFGKIFcC3YnfEAx5NkunCfnDlvuBSSFS02bcXu4Lmea0AFIUwbLWxWPx3d9p8S5QoaujKcNQxcQ=="
    }
  },
  "workspace": {
    "dependencies": [
      "jsr:@panth977/functions@^2.4.7",
      "jsr:@panth977/tools@^2.4.3",
      "npm:zod-openapi@^4.2.4",
      "npm:zod@^3.25.76"
    ]
  }
}
